
Microsoft Visual Studio Solution File, Format Version 12.00
# Visual Studio Version 17
VisualStudioVersion = 17.7.34031.279
MinimumVisualStudioVersion = 10.0.40219.1
Project("{FAE04EC0-301F-11D3-BF4B-00C04F79EFBC}") = "SafeAndSound", "SafeAndSound\SafeAndSound.csproj", "{E363D8A8-B25E-4099-973F-45B18AEB09B9}"
EndProject
Global
	GlobalSection(SolutionConfigurationPlatforms) = preSolution
		Debug|Any CPU = Debug|Any CPU
		Release|Any CPU = Release|Any CPU
	EndGlobalSection
	GlobalSection(ProjectConfigurationPlatforms) = postSolution
		{E363D8A8-B25E-4099-973F-45B18AEB09B9}.Debug|Any CPU.ActiveCfg = Debug|Any CPU
		{E363D8A8-B25E-4099-973F-45B18AEB09B9}.Debug|Any CPU.Build.0 = Debug|Any CPU
		{E363D8A8-B25E-4099-973F-45B18AEB09B9}.Release|Any CPU.ActiveCfg = Release|Any CPU
		{E363D8A8-B25E-4099-973F-45B18AEB09B9}.Release|Any CPU.Build.0 = Release|Any CPU
	EndGlobalSection
	GlobalSection(SolutionProperties) = preSolution
		HideSolutionNode = FALSE
	EndGlobalSection
	GlobalSection(ExtensibilityGlobals) = postSolution
		SolutionGuid = {0ECC0AC0-A1FF-4E40-9572-A4D75C637F09}
	EndGlobalSection
EndGlobal
